// !$*UTF8*$!
{
	archiveVersion = 1;
	classes = {
	};
	objectVersion = 50;
	objects = {

/* Begin PBXBuildFile section */
		211C289C247F984A00DD2137 /* Fibonacci.swift in Sources */ = {isa = PBXBuildFile; fileRef = 211C289B247F984A00DD2137 /* Fibonacci.swift */; };
		211C289E2480E75B00DD2137 /* Stack.swift in Sources */ = {isa = PBXBuildFile; fileRef = 211C289D2480E75B00DD2137 /* Stack.swift */; };
		213BFC00248505CC006BE4AB /* Recursive.swift in Sources */ = {isa = PBXBuildFile; fileRef = 213BFBFF248505CC006BE4AB /* Recursive.swift */; };
		218011C6243F1601005F1A04 /* main.swift in Sources */ = {isa = PBXBuildFile; fileRef = 218011C5243F1601005F1A04 /* main.swift */; };
		218011CD243F1644005F1A04 /* Bubble.swift in Sources */ = {isa = PBXBuildFile; fileRef = 218011CC243F1644005F1A04 /* Bubble.swift */; };
		218011CF243F197C005F1A04 /* Binary.swift in Sources */ = {isa = PBXBuildFile; fileRef = 218011CE243F197C005F1A04 /* Binary.swift */; };
		218011D1243F1FD7005F1A04 /* Selection.swift in Sources */ = {isa = PBXBuildFile; fileRef = 218011D0243F1FD7005F1A04 /* Selection.swift */; };
		218011D62440291B005F1A04 /* Insert.swift in Sources */ = {isa = PBXBuildFile; fileRef = 218011D52440291B005F1A04 /* Insert.swift */; };
/* End PBXBuildFile section */

/* Begin PBXCopyFilesBuildPhase section */
		218011C0243F1601005F1A04 /* CopyFiles */ = {
			isa = PBXCopyFilesBuildPhase;
			buildActionMask = 2147483647;
			dstPath = /usr/share/man/man1/;
			dstSubfolderSpec = 0;
			files = (
			);
			runOnlyForDeploymentPostprocessing = 1;
		};
/* End PBXCopyFilesBuildPhase section */

/* Begin PBXFileReference section */
		211C289B247F984A00DD2137 /* Fibonacci.swift */ = {isa = PBXFileReference; lastKnownFileType = sourcecode.swift; path = Fibonacci.swift; sourceTree = "<group>"; };
		211C289D2480E75B00DD2137 /* Stack.swift */ = {isa = PBXFileReference; lastKnownFileType = sourcecode.swift; path = Stack.swift; sourceTree = "<group>"; };
		213BFBFF248505CC006BE4AB /* Recursive.swift */ = {isa = PBXFileReference; lastKnownFileType = sourcecode.swift; path = Recursive.swift; sourceTree = "<group>"; };
		218011C2243F1601005F1A04 /* SortSwift */ = {isa = PBXFileReference; explicitFileType = "compiled.mach-o.executable"; includeInIndex = 0; path = SortSwift; sourceTree = BUILT_PRODUCTS_DIR; };
		218011C5243F1601005F1A04 /* main.swift */ = {isa = PBXFileReference; lastKnownFileType = sourcecode.swift; path = main.swift; sourceTree = "<group>"; };
		218011CC243F1644005F1A04 /* Bubble.swift */ = {isa = PBXFileReference; lastKnownFileType = sourcecode.swift; path = Bubble.swift; sourceTree = "<group>"; };
		218011CE243F197C005F1A04 /* Binary.swift */ = {isa = PBXFileReference; lastKnownFileType = sourcecode.swift; path = Binary.swift; sourceTree = "<group>"; };
		218011D0243F1FD7005F1A04 /* Selection.swift */ = {isa = PBXFileReference; lastKnownFileType = sourcecode.swift; path = Selection.swift; sourceTree = "<group>"; };
		218011D52440291B005F1A04 /* Insert.swift */ = {isa = PBXFileReference; lastKnownFileType = sourcecode.swift; path = Insert.swift; sourceTree = "<group>"; };
/* End PBXFileReference section */

/* Begin PBXFrameworksBuildPhase section */
		218011BF243F1601005F1A04 /* Frameworks */ = {
			isa = PBXFrameworksBuildPhase;
			buildActionMask = 2147483647;
			files = (
			);
			runOnlyForDeploymentPostprocessing = 0;
		};
/* End PBXFrameworksBuildPhase section */

/* Begin PBXGroup section */
		218011B9243F1601005F1A04 = {
			isa = PBXGroup;
			children = (
				218011C4243F1601005F1A04 /* SortSwift */,
				218011C3243F1601005F1A04 /* Products */,
			);
			sourceTree = "<group>";
		};
		218011C3243F1601005F1A04 /* Products */ = {
			isa = PBXGroup;
			children = (
				218011C2243F1601005F1A04 /* SortSwift */,
			);
			name = Products;
			sourceTree = "<group>";
		};
		218011C4243F1601005F1A04 /* SortSwift */ = {
			isa = PBXGroup;
			children = (
				218011D2243F1FE9005F1A04 /* Class */,
				218011C5243F1601005F1A04 /* main.swift */,
			);
			path = SortSwift;
			sourceTree = "<group>";
		};
		218011D2243F1FE9005F1A04 /* Class */ = {
			isa = PBXGroup;
			children = (
				218011CC243F1644005F1A04 /* Bubble.swift */,
				218011CE243F197C005F1A04 /* Binary.swift */,
				218011D0243F1FD7005F1A04 /* Selection.swift */,
				218011D52440291B005F1A04 /* Insert.swift */,
				211C289B247F984A00DD2137 /* Fibonacci.swift */,
				211C289D2480E75B00DD2137 /* Stack.swift */,
				213BFBFF248505CC006BE4AB /* Recursive.swift */,
			);
			path = Class;
			sourceTree = "<group>";
		};
/* End PBXGroup section */

/* Begin PBXNativeTarget section */
		218011C1243F1601005F1A04 /* SortSwift */ = {
			isa = PBXNativeTarget;
			buildConfigurationList = 218011C9243F1601005F1A04 /* Build configuration list for PBXNativeTarget "SortSwift" */;
			buildPhases = (
				218011BE243F1601005F1A04 /* Sources */,
				218011BF243F1601005F1A04 /* Frameworks */,
				218011C0243F1601005F1A04 /* CopyFiles */,
			);
			buildRules = (
			);
			dependencies = (
			);
			name = SortSwift;
			productName = SortSwift;
			productReference = 218011C2243F1601005F1A04 /* SortSwift */;
			productType = "com.apple.product-type.tool";
		};
/* End PBXNativeTarget section */

/* Begin PBXProject section */
		218011BA243F1601005F1A04 /* Project object */ = {
			isa = PBXProject;
			attributes = {
				LastSwiftUpdateCheck = 1140;
				LastUpgradeCheck = 1140;
				ORGANIZATIONNAME = Lawrence;
				TargetAttributes = {
					218011C1243F1601005F1A04 = {
						CreatedOnToolsVersion = 11.4;
					};
				};
			};
			buildConfigurationList = 218011BD243F1601005F1A04 /* Build configuration list for PBXProject "SortSwift" */;
			compatibilityVersion = "Xcode 9.3";
			developmentRegion = en;
			hasScannedForEncodings = 0;
			knownRegions = (
				en,
				Base,
			);
			mainGroup = 218011B9243F1601005F1A04;
			productRefGroup = 218011C3243F1601005F1A04 /* Products */;
			projectDirPath = "";
			projectRoot = "";
			targets = (
				218011C1243F1601005F1A04 /* SortSwift */,
			);
		};
/* End PBXProject section */

/* Begin PBXSourcesBuildPhase section */
		218011BE243F1601005F1A04 /* Sources */ = {
			isa = PBXSourcesBuildPhase;
			buildActionMask = 2147483647;
			files = (
				218011D62440291B005F1A04 /* Insert.swift in Sources */,
				218011D1243F1FD7005F1A04 /* Selection.swift in Sources */,
				218011C6243F1601005F1A04 /* main.swift in Sources */,
				211C289C247F984A00DD2137 /* Fibonacci.swift in Sources */,
				211C289E2480E75B00DD2137 /* Stack.swift in Sources */,
				218011CF243F197C005F1A04 /* Binary.swift in Sources */,
				213BFC00248505CC006BE4AB /* Recursive.swift in Sources */,
				218011CD243F1644005F1A04 /* Bubble.swift in Sources */,
			);
			runOnlyForDeploymentPostprocessing = 0;
		};
/* End PBXSourcesBuildPhase section */

/* Begin XCBuildConfiguration section */
		218011C7243F1601005F1A04 /* Debug */ = {
			isa = XCBuildConfiguration;
			buildSettings = {
				ALWAYS_SEARCH_USER_PATHS = NO;
				CLANG_ANALYZER_NONNULL = YES;
				CLANG_ANALYZER_NUMBER_OBJECT_CONVERSION = YES_AGGRESSIVE;
				CLANG_CXX_LANGUAGE_STANDARD = "gnu++14";
				CLANG_CXX_LIBRARY = "libc++";
				CLANG_ENABLE_MODULES = YES;
				CLANG_ENABLE_OBJC_ARC = YES;
				CLANG_ENABLE_OBJC_WEAK = YES;
				CLANG_WARN_BLOCK_CAPTURE_AUTORELEASING = YES;
				CLANG_WARN_BOOL_CONVERSION = YES;
				CLANG_WARN_COMMA = YES;
				CLANG_WARN_CONSTANT_CONVERSION = YES;
				CLANG_WARN_DEPRECATED_OBJC_IMPLEMENTATIONS = YES;
				CLANG_WARN_DIRECT_OBJC_ISA_USAGE = YES_ERROR;
				CLANG_WARN_DOCUMENTATION_COMMENTS = YES;
				CLANG_WARN_EMPTY_BODY = YES;
				CLANG_WARN_ENUM_CONVERSION = YES;
				CLANG_WARN_INFINITE_RECURSION = YES;
				CLANG_WARN_INT_CONVERSION = YES;
				CLANG_WARN_NON_LITERAL_NULL_CONVERSION = YES;
				CLANG_WARN_OBJC_IMPLICIT_RETAIN_SELF = YES;
				CLANG_WARN_OBJC_LITERAL_CONVERSION = YES;
				CLANG_WARN_OBJC_ROOT_CLASS = YES_ERROR;
				CLANG_WARN_RANGE_LOOP_ANALYSIS = YES;
				CLANG_WARN_STRICT_PROTOTYPES = YES;
				CLANG_WARN_SUSPICIOUS_MOVE = YES;
				CLANG_WARN_UNGUARDED_AVAILABILITY = YES_AGGRESSIVE;
				CLANG_WARN_UNREACHABLE_CODE = YES;
				CLANG_WARN__DUPLICATE_METHOD_MATCH = YES;
				COPY_PHASE_STRIP = NO;
				DEBUG_INFORMATION_FORMAT = dwarf;
				ENABLE_STRICT_OBJC_MSGSEND = YES;
				ENABLE_TESTABILITY = YES;
				GCC_C_LANGUAGE_STANDARD = gnu11;
				GCC_DYNAMIC_NO_PIC = NO;
				GCC_NO_COMMON_BLOCKS = YES;
				GCC_OPTIMIZATION_LEVEL = 0;
				GCC_PREPROCESSOR_DEFINITIONS = (
					"DEBUG=1",
					"$(inherited)",
				);
				GCC_WARN_64_TO_32_BIT_CONVERSION = YES;
				GCC_WARN_ABOUT_RETURN_TYPE = YES_ERROR;
				GCC_WARN_UNDECLARED_SELECTOR = YES;
				GCC_WARN_UNINITIALIZED_AUTOS = YES_AGGRESSIVE;
				GCC_WARN_UNUSED_FUNCTION = YES;
				GCC_WARN_UNUSED_VARIABLE = YES;
				MACOSX_DEPLOYMENT_TARGET = 10.15;
				MTL_ENABLE_DEBUG_INFO = INCLUDE_SOURCE;
				MTL_FAST_MATH = YES;
				ONLY_ACTIVE_ARCH = YES;
				SDKROOT = macosx;
				SWIFT_ACTIVE_COMPILATION_CONDITIONS = DEBUG;
				SWIFT_OPTIMIZATION_LEVEL = "-Onone";
			};
			name = Debug;
		};
		218011C8243F1601005F1A04 /* Release */ = {
			isa = XCBuildConfiguration;
			buildSettings = {
				ALWAYS_SEARCH_USER_PATHS = NO;
				CLANG_ANALYZER_NONNULL = YES;
				CLANG_ANALYZER_NUMBER_OBJECT_CONVERSION = YES_AGGRESSIVE;
				CLANG_CXX_LANGUAGE_STANDARD = "gnu++14";
				CLANG_CXX_LIBRARY = "libc++";
				CLANG_ENABLE_MODULES = YES;
				CLANG_ENABLE_OBJC_ARC = YES;
				CLANG_ENABLE_OBJC_WEAK = YES;
				CLANG_WARN_BLOCK_CAPTURE_AUTORELEASING = YES;
				CLANG_WARN_BOOL_CONVERSION = YES;
				CLANG_WARN_COMMA = YES;
				CLANG_WARN_CONSTANT_CONVERSION = YES;
				CLANG_WARN_DEPRECATED_OBJC_IMPLEMENTATIONS = YES;
				CLANG_WARN_DIRECT_OBJC_ISA_USAGE = YES_ERROR;
				CLANG_WARN_DOCUMENTATION_COMMENTS = YES;
				CLANG_WARN_EMPTY_BODY = YES;
				CLANG_WARN_ENUM_CONVERSION = YES;
				CLANG_WARN_INFINITE_RECURSION = YES;
				CLANG_WARN_INT_CONVERSION = YES;
				CLANG_WARN_NON_LITERAL_NULL_CONVERSION = YES;
				CLANG_WARN_OBJC_IMPLICIT_RETAIN_SELF = YES;
				CLANG_WARN_OBJC_LITERAL_CONVERSION = YES;
				CLANG_WARN_OBJC_ROOT_CLASS = YES_ERROR;
				CLANG_WARN_RANGE_LOOP_ANALYSIS = YES;
				CLANG_WARN_STRICT_PROTOTYPES = YES;
				CLANG_WARN_SUSPICIOUS_MOVE = YES;
				CLANG_WARN_UNGUARDED_AVAILABILITY = YES_AGGRESSIVE;
				CLANG_WARN_UNREACHABLE_CODE = YES;
				CLANG_WARN__DUPLICATE_METHOD_MATCH = YES;
				COPY_PHASE_STRIP = NO;
				DEBUG_INFORMATION_FORMAT = "dwarf-with-dsym";
				ENABLE_NS_ASSERTIONS = NO;
				ENABLE_STRICT_OBJC_MSGSEND = YES;
				GCC_C_LANGUAGE_STANDARD = gnu11;
				GCC_NO_COMMON_BLOCKS = YES;
				GCC_WARN_64_TO_32_BIT_CONVERSION = YES;
				GCC_WARN_ABOUT_RETURN_TYPE = YES_ERROR;
				GCC_WARN_UNDECLARED_SELECTOR = YES;
				GCC_WARN_UNINITIALIZED_AUTOS = YES_AGGRESSIVE;
				GCC_WARN_UNUSED_FUNCTION = YES;
				GCC_WARN_UNUSED_VARIABLE = YES;
				MACOSX_DEPLOYMENT_TARGET = 10.15;
				MTL_ENABLE_DEBUG_INFO = NO;
				MTL_FAST_MATH = YES;
				SDKROOT = macosx;
				SWIFT_COMPILATION_MODE = wholemodule;
				SWIFT_OPTIMIZATION_LEVEL = "-O";
			};
			name = Release;
		};
		218011CA243F1601005F1A04 /* Debug */ = {
			isa = XCBuildConfiguration;
			buildSettings = {
				CODE_SIGN_STYLE = Automatic;
				DEVELOPMENT_TEAM = 95DN6Z98SA;
				ENABLE_HARDENED_RUNTIME = YES;
				PRODUCT_NAME = "$(TARGET_NAME)";
				SWIFT_VERSION = 5.0;
			};
			name = Debug;
		};
		218011CB243F1601005F1A04 /* Release */ = {
			isa = XCBuildConfiguration;
			buildSettings = {
				CODE_SIGN_STYLE = Automatic;
				DEVELOPMENT_TEAM = 95DN6Z98SA;
				ENABLE_HARDENED_RUNTIME = YES;
				PRODUCT_NAME = "$(TARGET_NAME)";
				SWIFT_VERSION = 5.0;
			};
			name = Release;
		};
/* End XCBuildConfiguration section */

/* Begin XCConfigurationList section */
		218011BD243F1601005F1A04 /* Build configuration list for PBXProject "SortSwift" */ = {
			isa = XCConfigurationList;
			buildConfigurations = (
				218011C7243F1601005F1A04 /* Debug */,
				218011C8243F1601005F1A04 /* Release */,
			);
			defaultConfigurationIsVisible = 0;
			defaultConfigurationName = Release;
		};
		218011C9243F1601005F1A04 /* Build configuration list for PBXNativeTarget "SortSwift" */ = {
			isa = XCConfigurationList;
			buildConfigurations = (
				218011CA243F1601005F1A04 /* Debug */,
				218011CB243F1601005F1A04 /* Release */,
			);
			defaultConfigurationIsVisible = 0;
			defaultConfigurationName = Release;
		};
/* End XCConfigurationList section */
	};
	rootObject = 218011BA243F1601005F1A04 /* Project object */;
}
